{
  "name": "sitewebfrontand",
  "version": "1.0.0",
  "lockfileVersion": 3,
  "requires": true,
  "packages": {
    "": {
      "name": "sitewebfrontand",
      "version": "1.0.0",
      "license": "ISC",
      "dependencies": {
        "docenv": "^2.0.6"
      }
    },
    "node_modules/docenv": {
      "version": "2.0.6",
      "resolved": "https://registry.npmjs.org/docenv/-/docenv-2.0.6.tgz",
      "integrity": "sha512-gz5HB/oJGsleqVj+m9o23F17DjKEeYsk4Dzz2fphU4EJQup7wUg6nIssnf2++liWDNnJaYRHHh+ow4aCuoeWEg==",
      "dependencies": {
        "dotenv": "^10.0.0"
      }
    },
    "node_modules/dotenv": {
      "version": "10.0.0",
      "resolved": "https://registry.npmjs.org/dotenv/-/dotenv-10.0.0.tgz",
      "integrity": "sha512-rlBi9d8jpv9Sf1klPjNfFAuWDjKLwTIJJ/VxtoTwIR6hnZxcEOQCZg2oIL3MWBYw5GpUDKOEnND7LXTbIpQ03Q==",
      "engines": {
        "node": ">=10"
      }
    }
  }
}
